
Microsoft Visual Studio Solution File, Format Version 12.00
# Visual Studio Version 17
VisualStudioVersion = 17.2.32519.379
MinimumVisualStudioVersion = 10.0.40219.1
Project("{9A19103F-16F7-4668-BE54-9A1E7A4F7556}") = "TMK.Maksim.Kulebyakin.TaskOne.PartTwo", "TMK.Maksim.Kulebyakin.TaskOne.PartTwo\TMK.Maksim.Kulebyakin.TaskOne.PartTwo.csproj", "{BE26CDD0-2918-4A69-9DAC-17B224E4BDF4}"
EndProject
Project("{FAE04EC0-301F-11D3-BF4B-00C04F79EFBC}") = "Entities", "Entities\Entities.csproj", "{C12593BC-A7AB-48DD-93F0-C55470388660}"
EndProject
Global
	GlobalSection(SolutionConfigurationPlatforms) = preSolution
		Debug|Any CPU = Debug|Any CPU
		Release|Any CPU = Release|Any CPU
	EndGlobalSection
	GlobalSection(ProjectConfigurationPlatforms) = postSolution
		{BE26CDD0-2918-4A69-9DAC-17B224E4BDF4}.Debug|Any CPU.ActiveCfg = Debug|Any CPU
		{BE26CDD0-2918-4A69-9DAC-17B224E4BDF4}.Debug|Any CPU.Build.0 = Debug|Any CPU
		{BE26CDD0-2918-4A69-9DAC-17B224E4BDF4}.Release|Any CPU.ActiveCfg = Release|Any CPU
		{BE26CDD0-2918-4A69-9DAC-17B224E4BDF4}.Release|Any CPU.Build.0 = Release|Any CPU
		{C12593BC-A7AB-48DD-93F0-C55470388660}.Debug|Any CPU.ActiveCfg = Debug|Any CPU
		{C12593BC-A7AB-48DD-93F0-C55470388660}.Debug|Any CPU.Build.0 = Debug|Any CPU
		{C12593BC-A7AB-48DD-93F0-C55470388660}.Release|Any CPU.ActiveCfg = Release|Any CPU
		{C12593BC-A7AB-48DD-93F0-C55470388660}.Release|Any CPU.Build.0 = Release|Any CPU
	EndGlobalSection
	GlobalSection(SolutionProperties) = preSolution
		HideSolutionNode = FALSE
	EndGlobalSection
	GlobalSection(ExtensibilityGlobals) = postSolution
		SolutionGuid = {E753B6AC-A674-4F3B-822F-490E722DEB6B}
	EndGlobalSection
EndGlobal
